// !$*UTF8*$!
{
	archiveVersion = 1;
	classes = {
	};
	objectVersion = 56;
	objects = {

/* Begin PBXBuildFile section */
		0CB4CFC7B63392149AEDFAFF /* Pods_CamCountTests.framework in Frameworks */ = {isa = PBXBuildFile; fileRef = 9C79664F2D9AF7FBB1B143AD /* Pods_CamCountTests.framework */; };
		7421A8A23959710B9BF1DABE /* Pods_CamCount.framework in Frameworks */ = {isa = PBXBuildFile; fileRef = 1D1F0A5407AD75A09A074966 /* Pods_CamCount.framework */; };
		9D17E7785165FF36061F5915 /* Pods_CamCount_CamCountUITests.framework in Frameworks */ = {isa = PBXBuildFile; fileRef = A937E63C0B64098F9CB8BD17 /* Pods_CamCount_CamCountUITests.framework */; };
		B72BF61B291E3C8000426AEB /* CameraDetailsViewController.swift in Sources */ = {isa = PBXBuildFile; fileRef = B72BF61A291E3C8000426AEB /* CameraDetailsViewController.swift */; };
		B732F4F829259DED007347F3 /* CameraModel.swift in Sources */ = {isa = PBXBuildFile; fileRef = B732F4F729259DED007347F3 /* CameraModel.swift */; };
		B75656B028F3228E00DDF45B /* AppDelegate.swift in Sources */ = {isa = PBXBuildFile; fileRef = B75656AF28F3228E00DDF45B /* AppDelegate.swift */; };
		B75656B228F3228E00DDF45B /* SceneDelegate.swift in Sources */ = {isa = PBXBuildFile; fileRef = B75656B128F3228E00DDF45B /* SceneDelegate.swift */; };
		B75656B428F3228E00DDF45B /* LoginViewController.swift in Sources */ = {isa = PBXBuildFile; fileRef = B75656B328F3228E00DDF45B /* LoginViewController.swift */; };
		B75656B728F3228E00DDF45B /* Main.storyboard in Resources */ = {isa = PBXBuildFile; fileRef = B75656B528F3228E00DDF45B /* Main.storyboard */; };
		B75656B928F3229200DDF45B /* Assets.xcassets in Resources */ = {isa = PBXBuildFile; fileRef = B75656B828F3229200DDF45B /* Assets.xcassets */; };
		B75656BC28F3229200DDF45B /* LaunchScreen.storyboard in Resources */ = {isa = PBXBuildFile; fileRef = B75656BA28F3229200DDF45B /* LaunchScreen.storyboard */; };
		B75656C728F3229300DDF45B /* CamCountTests.swift in Sources */ = {isa = PBXBuildFile; fileRef = B75656C628F3229300DDF45B /* CamCountTests.swift */; };
		B75656D128F3229300DDF45B /* CamCountUITests.swift in Sources */ = {isa = PBXBuildFile; fileRef = B75656D028F3229300DDF45B /* CamCountUITests.swift */; };
		B75656D328F3229300DDF45B /* CamCountUITestsLaunchTests.swift in Sources */ = {isa = PBXBuildFile; fileRef = B75656D228F3229300DDF45B /* CamCountUITestsLaunchTests.swift */; };
		B763AAB329072B230059ACEB /* CamerasViewController.swift in Sources */ = {isa = PBXBuildFile; fileRef = B763AAB229072B230059ACEB /* CamerasViewController.swift */; };
		B763AAB7290CD40F0059ACEB /* GoogleService-Info.plist in Resources */ = {isa = PBXBuildFile; fileRef = B763AAB6290CD40E0059ACEB /* GoogleService-Info.plist */; };
		B763AAB8290CD40F0059ACEB /* GoogleService-Info.plist in Resources */ = {isa = PBXBuildFile; fileRef = B763AAB6290CD40E0059ACEB /* GoogleService-Info.plist */; };
		B763AAB9290CD40F0059ACEB /* GoogleService-Info.plist in Resources */ = {isa = PBXBuildFile; fileRef = B763AAB6290CD40E0059ACEB /* GoogleService-Info.plist */; };
		B763AABC290DAE020059ACEB /* SettingsViewController.swift in Sources */ = {isa = PBXBuildFile; fileRef = B763AABB290DAE020059ACEB /* SettingsViewController.swift */; };
		B763AAC0290F66EA0059ACEB /* CamerasCell.swift in Sources */ = {isa = PBXBuildFile; fileRef = B763AABF290F66EA0059ACEB /* CamerasCell.swift */; };
		B763AAC1290F66EA0059ACEB /* CamerasCell.swift in Sources */ = {isa = PBXBuildFile; fileRef = B763AABF290F66EA0059ACEB /* CamerasCell.swift */; };
		B763AAC2290F66EA0059ACEB /* CamerasCell.swift in Sources */ = {isa = PBXBuildFile; fileRef = B763AABF290F66EA0059ACEB /* CamerasCell.swift */; };
		B79E8305296F568400A70547 /* Styling.swift in Sources */ = {isa = PBXBuildFile; fileRef = B79E8304296F568400A70547 /* Styling.swift */; };
		B79E83072970873D00A70547 /* HomeViewController.swift in Sources */ = {isa = PBXBuildFile; fileRef = B79E83062970873D00A70547 /* HomeViewController.swift */; };
		B79E830929709E9200A70547 /* FormValidation.swift in Sources */ = {isa = PBXBuildFile; fileRef = B79E830829709E9200A70547 /* FormValidation.swift */; };
		B7D777AB2966013800FED89E /* SignUpViewController.swift in Sources */ = {isa = PBXBuildFile; fileRef = B7D777AA2966013800FED89E /* SignUpViewController.swift */; };
		B7FA4304297AF71600268BED /* MainTabBarViewController.swift in Sources */ = {isa = PBXBuildFile; fileRef = B7FA4303297AF71600268BED /* MainTabBarViewController.swift */; };
/* End PBXBuildFile section */

/* Begin PBXContainerItemProxy section */
		B75656C328F3229300DDF45B /* PBXContainerItemProxy */ = {
			isa = PBXContainerItemProxy;
			containerPortal = B75656A428F3228D00DDF45B /* Project object */;
			proxyType = 1;
			remoteGlobalIDString = B75656AB28F3228D00DDF45B;
			remoteInfo = CamCount;
		};
		B75656CD28F3229300DDF45B /* PBXContainerItemProxy */ = {
			isa = PBXContainerItemProxy;
			containerPortal = B75656A428F3228D00DDF45B /* Project object */;
			proxyType = 1;
			remoteGlobalIDString = B75656AB28F3228D00DDF45B;
			remoteInfo = CamCount;
		};
/* End PBXContainerItemProxy section */

/* Begin PBXFileReference section */
		132F463CE02F8B41DEE5F5F0 /* Pods-CamCountTests.debug.xcconfig */ = {isa = PBXFileReference; includeInIndex = 1; lastKnownFileType = text.xcconfig; name = "Pods-CamCountTests.debug.xcconfig"; path = "Target Support Files/Pods-CamCountTests/Pods-CamCountTests.debug.xcconfig"; sourceTree = "<group>"; };
		1D1F0A5407AD75A09A074966 /* Pods_CamCount.framework */ = {isa = PBXFileReference; explicitFileType = wrapper.framework; includeInIndex = 0; path = Pods_CamCount.framework; sourceTree = BUILT_PRODUCTS_DIR; };
		2461F32BDBBC863199E55D90 /* Pods-CamCount.debug.xcconfig */ = {isa = PBXFileReference; includeInIndex = 1; lastKnownFileType = text.xcconfig; name = "Pods-CamCount.debug.xcconfig"; path = "Target Support Files/Pods-CamCount/Pods-CamCount.debug.xcconfig"; sourceTree = "<group>"; };
		25E48803EF4AB63D94159BBC /* Pods-CamCount-CamCountUITests.release.xcconfig */ = {isa = PBXFileReference; includeInIndex = 1; lastKnownFileType = text.xcconfig; name = "Pods-CamCount-CamCountUITests.release.xcconfig"; path = "Target Support Files/Pods-CamCount-CamCountUITests/Pods-CamCount-CamCountUITests.release.xcconfig"; sourceTree = "<group>"; };
		62DB4978672F50B577B918B8 /* Pods-CamCount.release.xcconfig */ = {isa = PBXFileReference; includeInIndex = 1; lastKnownFileType = text.xcconfig; name = "Pods-CamCount.release.xcconfig"; path = "Target Support Files/Pods-CamCount/Pods-CamCount.release.xcconfig"; sourceTree = "<group>"; };
		7E0FC24BE990BADED60EBEBA /* Pods-CamCountTests.release.xcconfig */ = {isa = PBXFileReference; includeInIndex = 1; lastKnownFileType = text.xcconfig; name = "Pods-CamCountTests.release.xcconfig"; path = "Target Support Files/Pods-CamCountTests/Pods-CamCountTests.release.xcconfig"; sourceTree = "<group>"; };
		9C79664F2D9AF7FBB1B143AD /* Pods_CamCountTests.framework */ = {isa = PBXFileReference; explicitFileType = wrapper.framework; includeInIndex = 0; path = Pods_CamCountTests.framework; sourceTree = BUILT_PRODUCTS_DIR; };
		A937E63C0B64098F9CB8BD17 /* Pods_CamCount_CamCountUITests.framework */ = {isa = PBXFileReference; explicitFileType = wrapper.framework; includeInIndex = 0; path = Pods_CamCount_CamCountUITests.framework; sourceTree = BUILT_PRODUCTS_DIR; };
		B72BF61A291E3C8000426AEB /* CameraDetailsViewController.swift */ = {isa = PBXFileReference; lastKnownFileType = sourcecode.swift; path = CameraDetailsViewController.swift; sourceTree = "<group>"; };
		B732F4F729259DED007347F3 /* CameraModel.swift */ = {isa = PBXFileReference; lastKnownFileType = sourcecode.swift; path = CameraModel.swift; sourceTree = "<group>"; };
		B75656AC28F3228E00DDF45B /* CamCount.app */ = {isa = PBXFileReference; explicitFileType = wrapper.application; includeInIndex = 0; path = CamCount.app; sourceTree = BUILT_PRODUCTS_DIR; };
		B75656AF28F3228E00DDF45B /* AppDelegate.swift */ = {isa = PBXFileReference; lastKnownFileType = sourcecode.swift; path = AppDelegate.swift; sourceTree = "<group>"; };
		B75656B128F3228E00DDF45B /* SceneDelegate.swift */ = {isa = PBXFileReference; lastKnownFileType = sourcecode.swift; path = SceneDelegate.swift; sourceTree = "<group>"; };
		B75656B328F3228E00DDF45B /* LoginViewController.swift */ = {isa = PBXFileReference; lastKnownFileType = sourcecode.swift; path = LoginViewController.swift; sourceTree = "<group>"; };
		B75656B628F3228E00DDF45B /* Base */ = {isa = PBXFileReference; lastKnownFileType = file.storyboard; name = Base; path = Base.lproj/Main.storyboard; sourceTree = "<group>"; };
		B75656B828F3229200DDF45B /* Assets.xcassets */ = {isa = PBXFileReference; lastKnownFileType = folder.assetcatalog; path = Assets.xcassets; sourceTree = "<group>"; };
		B75656BB28F3229200DDF45B /* Base */ = {isa = PBXFileReference; lastKnownFileType = file.storyboard; name = Base; path = Base.lproj/LaunchScreen.storyboard; sourceTree = "<group>"; };
		B75656BD28F3229200DDF45B /* Info.plist */ = {isa = PBXFileReference; lastKnownFileType = text.plist.xml; path = Info.plist; sourceTree = "<group>"; };
		B75656C228F3229300DDF45B /* CamCountTests.xctest */ = {isa = PBXFileReference; explicitFileType = wrapper.cfbundle; includeInIndex = 0; path = CamCountTests.xctest; sourceTree = BUILT_PRODUCTS_DIR; };
		B75656C628F3229300DDF45B /* CamCountTests.swift */ = {isa = PBXFileReference; lastKnownFileType = sourcecode.swift; path = CamCountTests.swift; sourceTree = "<group>"; };
		B75656CC28F3229300DDF45B /* CamCountUITests.xctest */ = {isa = PBXFileReference; explicitFileType = wrapper.cfbundle; includeInIndex = 0; path = CamCountUITests.xctest; sourceTree = BUILT_PRODUCTS_DIR; };
		B75656D028F3229300DDF45B /* CamCountUITests.swift */ = {isa = PBXFileReference; lastKnownFileType = sourcecode.swift; path = CamCountUITests.swift; sourceTree = "<group>"; };
		B75656D228F3229300DDF45B /* CamCountUITestsLaunchTests.swift */ = {isa = PBXFileReference; lastKnownFileType = sourcecode.swift; path = CamCountUITestsLaunchTests.swift; sourceTree = "<group>"; };
		B763AAB229072B230059ACEB /* CamerasViewController.swift */ = {isa = PBXFileReference; lastKnownFileType = sourcecode.swift; path = CamerasViewController.swift; sourceTree = "<group>"; };
		B763AAB6290CD40E0059ACEB /* GoogleService-Info.plist */ = {isa = PBXFileReference; fileEncoding = 4; lastKnownFileType = text.plist.xml; path = "GoogleService-Info.plist"; sourceTree = "<group>"; };
		B763AABB290DAE020059ACEB /* SettingsViewController.swift */ = {isa = PBXFileReference; lastKnownFileType = sourcecode.swift; path = SettingsViewController.swift; sourceTree = "<group>"; };
		B763AABF290F66EA0059ACEB /* CamerasCell.swift */ = {isa = PBXFileReference; lastKnownFileType = sourcecode.swift; path = CamerasCell.swift; sourceTree = "<group>"; };
		B79E8304296F568400A70547 /* Styling.swift */ = {isa = PBXFileReference; lastKnownFileType = sourcecode.swift; path = Styling.swift; sourceTree = "<group>"; };
		B79E83062970873D00A70547 /* HomeViewController.swift */ = {isa = PBXFileReference; lastKnownFileType = sourcecode.swift; path = HomeViewController.swift; sourceTree = "<group>"; };
		B79E830829709E9200A70547 /* FormValidation.swift */ = {isa = PBXFileReference; lastKnownFileType = sourcecode.swift; path = FormValidation.swift; sourceTree = "<group>"; };
		B7D777AA2966013800FED89E /* SignUpViewController.swift */ = {isa = PBXFileReference; lastKnownFileType = sourcecode.swift; path = SignUpViewController.swift; sourceTree = "<group>"; };
		B7FA4303297AF71600268BED /* MainTabBarViewController.swift */ = {isa = PBXFileReference; lastKnownFileType = sourcecode.swift; path = MainTabBarViewController.swift; sourceTree = "<group>"; };
		C3D90204D37ADEC3282FAC61 /* Pods-CamCount-CamCountUITests.debug.xcconfig */ = {isa = PBXFileReference; includeInIndex = 1; lastKnownFileType = text.xcconfig; name = "Pods-CamCount-CamCountUITests.debug.xcconfig"; path = "Target Support Files/Pods-CamCount-CamCountUITests/Pods-CamCount-CamCountUITests.debug.xcconfig"; sourceTree = "<group>"; };
/* End PBXFileReference section */

/* Begin PBXFrameworksBuildPhase section */
		B75656A928F3228D00DDF45B /* Frameworks */ = {
			isa = PBXFrameworksBuildPhase;
			buildActionMask = 2147483647;
			files = (
				7421A8A23959710B9BF1DABE /* Pods_CamCount.framework in Frameworks */,
			);
			runOnlyForDeploymentPostprocessing = 0;
		};
		B75656BF28F3229300DDF45B /* Frameworks */ = {
			isa = PBXFrameworksBuildPhase;
			buildActionMask = 2147483647;
			files = (
				0CB4CFC7B63392149AEDFAFF /* Pods_CamCountTests.framework in Frameworks */,
			);
			runOnlyForDeploymentPostprocessing = 0;
		};
		B75656C928F3229300DDF45B /* Frameworks */ = {
			isa = PBXFrameworksBuildPhase;
			buildActionMask = 2147483647;
			files = (
				9D17E7785165FF36061F5915 /* Pods_CamCount_CamCountUITests.framework in Frameworks */,
			);
			runOnlyForDeploymentPostprocessing = 0;
		};
/* End PBXFrameworksBuildPhase section */

/* Begin PBXGroup section */
		7FD4F381F7A88B63C7D271BD /* Frameworks */ = {
			isa = PBXGroup;
			children = (
				1D1F0A5407AD75A09A074966 /* Pods_CamCount.framework */,
				A937E63C0B64098F9CB8BD17 /* Pods_CamCount_CamCountUITests.framework */,
				9C79664F2D9AF7FBB1B143AD /* Pods_CamCountTests.framework */,
			);
			name = Frameworks;
			sourceTree = "<group>";
		};
		B75656A328F3228D00DDF45B = {
			isa = PBXGroup;
			children = (
				B75656AE28F3228E00DDF45B /* CamCount */,
				B75656C528F3229300DDF45B /* CamCountTests */,
				B75656CF28F3229300DDF45B /* CamCountUITests */,
				B75656AD28F3228E00DDF45B /* Products */,
				EF92D4DB3D98BE93E05ECCC6 /* Pods */,
				7FD4F381F7A88B63C7D271BD /* Frameworks */,
			);
			sourceTree = "<group>";
		};
		B75656AD28F3228E00DDF45B /* Products */ = {
			isa = PBXGroup;
			children = (
				B75656AC28F3228E00DDF45B /* CamCount.app */,
				B75656C228F3229300DDF45B /* CamCountTests.xctest */,
				B75656CC28F3229300DDF45B /* CamCountUITests.xctest */,
			);
			name = Products;
			sourceTree = "<group>";
		};
		B75656AE28F3228E00DDF45B /* CamCount */ = {
			isa = PBXGroup;
			children = (
				B75656B828F3229200DDF45B /* Assets.xcassets */,
				B75656BD28F3229200DDF45B /* Info.plist */,
				B763AAB6290CD40E0059ACEB /* GoogleService-Info.plist */,
				B7D777B1296601D600FED89E /* Storyboards */,
				B7D777AF2966019800FED89E /* Delegates */,
				B79E8303296F564600A70547 /* Helpers */,
				B7D777AC2966014D00FED89E /* View Controllers */,
				B7FA4302297AF6D000268BED /* Tab Bar Controllers */,
				B7D777B0296601AB00FED89E /* Cells */,
				B7D777B2296601E700FED89E /* Classes */,
			);
			path = CamCount;
			sourceTree = "<group>";
		};
		B75656C528F3229300DDF45B /* CamCountTests */ = {
			isa = PBXGroup;
			children = (
				B75656C628F3229300DDF45B /* CamCountTests.swift */,
			);
			path = CamCountTests;
			sourceTree = "<group>";
		};
		B75656CF28F3229300DDF45B /* CamCountUITests */ = {
			isa = PBXGroup;
			children = (
				B75656D028F3229300DDF45B /* CamCountUITests.swift */,
				B75656D228F3229300DDF45B /* CamCountUITestsLaunchTests.swift */,
			);
			path = CamCountUITests;
			sourceTree = "<group>";
		};
		B79E8303296F564600A70547 /* Helpers */ = {
			isa = PBXGroup;
			children = (
				B79E8304296F568400A70547 /* Styling.swift */,
				B79E830829709E9200A70547 /* FormValidation.swift */,
			);
			path = Helpers;
			sourceTree = "<group>";
		};
		B7D777AC2966014D00FED89E /* View Controllers */ = {
			isa = PBXGroup;
			children = (
				B79E83062970873D00A70547 /* HomeViewController.swift */,
				B75656B328F3228E00DDF45B /* LoginViewController.swift */,
				B7D777AA2966013800FED89E /* SignUpViewController.swift */,
				B763AAB229072B230059ACEB /* CamerasViewController.swift */,
				B72BF61A291E3C8000426AEB /* CameraDetailsViewController.swift */,
				B763AABB290DAE020059ACEB /* SettingsViewController.swift */,
			);
			path = "View Controllers";
			sourceTree = "<group>";
		};
		B7D777AF2966019800FED89E /* Delegates */ = {
			isa = PBXGroup;
			children = (
				B75656AF28F3228E00DDF45B /* AppDelegate.swift */,
				B75656B128F3228E00DDF45B /* SceneDelegate.swift */,
			);
			path = Delegates;
			sourceTree = "<group>";
		};
		B7D777B0296601AB00FED89E /* Cells */ = {
			isa = PBXGroup;
			children = (
				B763AABF290F66EA0059ACEB /* CamerasCell.swift */,
			);
			path = Cells;
			sourceTree = "<group>";
		};
		B7D777B1296601D600FED89E /* Storyboards */ = {
			isa = PBXGroup;
			children = (
				B75656B528F3228E00DDF45B /* Main.storyboard */,
				B75656BA28F3229200DDF45B /* LaunchScreen.storyboard */,
			);
			path = Storyboards;
			sourceTree = "<group>";
		};
		B7D777B2296601E700FED89E /* Classes */ = {
			isa = PBXGroup;
			children = (
				B732F4F729259DED007347F3 /* CameraModel.swift */,
			);
			path = Classes;
			sourceTree = "<group>";
		};
		B7FA4302297AF6D000268BED /* Tab Bar Controllers */ = {
			isa = PBXGroup;
			children = (
				B7FA4303297AF71600268BED /* MainTabBarViewController.swift */,
			);
			path = "Tab Bar Controllers";
			sourceTree = "<group>";
		};
		EF92D4DB3D98BE93E05ECCC6 /* Pods */ = {
			isa = PBXGroup;
			children = (
				2461F32BDBBC863199E55D90 /* Pods-CamCount.debug.xcconfig */,
				62DB4978672F50B577B918B8 /* Pods-CamCount.release.xcconfig */,
				C3D90204D37ADEC3282FAC61 /* Pods-CamCount-CamCountUITests.debug.xcconfig */,
				25E48803EF4AB63D94159BBC /* Pods-CamCount-CamCountUITests.release.xcconfig */,
				132F463CE02F8B41DEE5F5F0 /* Pods-CamCountTests.debug.xcconfig */,
				7E0FC24BE990BADED60EBEBA /* Pods-CamCountTests.release.xcconfig */,
			);
			path = Pods;
			sourceTree = "<group>";
		};
/* End PBXGroup section */

/* Begin PBXNativeTarget section */
		B75656AB28F3228D00DDF45B /* CamCount */ = {
			isa = PBXNativeTarget;
			buildConfigurationList = B75656D628F3229300DDF45B /* Build configuration list for PBXNativeTarget "CamCount" */;
			buildPhases = (
				DE6F5D05565EEE80DDD6C7BD /* [CP] Check Pods Manifest.lock */,
				B75656A828F3228D00DDF45B /* Sources */,
				B75656A928F3228D00DDF45B /* Frameworks */,
				B75656AA28F3228D00DDF45B /* Resources */,
				42563463E124368CB86B1930 /* [CP] Embed Pods Frameworks */,
			);
			buildRules = (
			);
			dependencies = (
			);
			name = CamCount;
			productName = CamCount;
			productReference = B75656AC28F3228E00DDF45B /* CamCount.app */;
			productType = "com.apple.product-type.application";
		};
		B75656C128F3229300DDF45B /* CamCountTests */ = {
			isa = PBXNativeTarget;
			buildConfigurationList = B75656D928F3229300DDF45B /* Build configuration list for PBXNativeTarget "CamCountTests" */;
			buildPhases = (
				38327F3C23E9846ED9A895D5 /* [CP] Check Pods Manifest.lock */,
				B75656BE28F3229300DDF45B /* Sources */,
				B75656BF28F3229300DDF45B /* Frameworks */,
				B75656C028F3229300DDF45B /* Resources */,
			);
			buildRules = (
			);
			dependencies = (
				B75656C428F3229300DDF45B /* PBXTargetDependency */,
			);
			name = CamCountTests;
			productName = CamCountTests;
			productReference = B75656C228F3229300DDF45B /* CamCountTests.xctest */;
			productType = "com.apple.product-type.bundle.unit-test";
		};
		B75656CB28F3229300DDF45B /* CamCountUITests */ = {
			isa = PBXNativeTarget;
			buildConfigurationList = B75656DC28F3229300DDF45B /* Build configuration list for PBXNativeTarget "CamCountUITests" */;
			buildPhases = (
				4730922DCA307105885C8D78 /* [CP] Check Pods Manifest.lock */,
				B75656C828F3229300DDF45B /* Sources */,
				B75656C928F3229300DDF45B /* Frameworks */,
				B75656CA28F3229300DDF45B /* Resources */,
				6D00ECD55E37B63AACBF0CCC /* [CP] Embed Pods Frameworks */,
			);
			buildRules = (
			);
			dependencies = (
				B75656CE28F3229300DDF45B /* PBXTargetDependency */,
			);
			name = CamCountUITests;
			productName = CamCountUITests;
			productReference = B75656CC28F3229300DDF45B /* CamCountUITests.xctest */;
			productType = "com.apple.product-type.bundle.ui-testing";
		};
/* End PBXNativeTarget section */

/* Begin PBXProject section */
		B75656A428F3228D00DDF45B /* Project object */ = {
			isa = PBXProject;
			attributes = {
				BuildIndependentTargetsInParallel = 1;
				LastSwiftUpdateCheck = 1400;
				LastUpgradeCheck = 1400;
				TargetAttributes = {
					B75656AB28F3228D00DDF45B = {
						CreatedOnToolsVersion = 14.0.1;
					};
					B75656C128F3229300DDF45B = {
						CreatedOnToolsVersion = 14.0.1;
						TestTargetID = B75656AB28F3228D00DDF45B;
					};
					B75656CB28F3229300DDF45B = {
						CreatedOnToolsVersion = 14.0.1;
						TestTargetID = B75656AB28F3228D00DDF45B;
					};
				};
			};
			buildConfigurationList = B75656A728F3228D00DDF45B /* Build configuration list for PBXProject "CamCount" */;
			compatibilityVersion = "Xcode 14.0";
			developmentRegion = en;
			hasScannedForEncodings = 0;
			knownRegions = (
				en,
				Base,
			);
			mainGroup = B75656A328F3228D00DDF45B;
			packageReferences = (
				B763AABA290CDE9A0059ACEB /* XCRemoteSwiftPackageReference "firebase-ios-sdk" */,
			);
			productRefGroup = B75656AD28F3228E00DDF45B /* Products */;
			projectDirPath = "";
			projectRoot = "";
			targets = (
				B75656AB28F3228D00DDF45B /* CamCount */,
				B75656C128F3229300DDF45B /* CamCountTests */,
				B75656CB28F3229300DDF45B /* CamCountUITests */,
			);
		};
/* End PBXProject section */

/* Begin PBXResourcesBuildPhase section */
		B75656AA28F3228D00DDF45B /* Resources */ = {
			isa = PBXResourcesBuildPhase;
			buildActionMask = 2147483647;
			files = (
				B75656BC28F3229200DDF45B /* LaunchScreen.storyboard in Resources */,
				B763AAB7290CD40F0059ACEB /* GoogleService-Info.plist in Resources */,
				B75656B928F3229200DDF45B /* Assets.xcassets in Resources */,
				B75656B728F3228E00DDF45B /* Main.storyboard in Resources */,
			);
			runOnlyForDeploymentPostprocessing = 0;
		};
		B75656C028F3229300DDF45B /* Resources */ = {
			isa = PBXResourcesBuildPhase;
			buildActionMask = 2147483647;
			files = (
				B763AAB8290CD40F0059ACEB /* GoogleService-Info.plist in Resources */,
			);
			runOnlyForDeploymentPostprocessing = 0;
		};
		B75656CA28F3229300DDF45B /* Resources */ = {
			isa = PBXResourcesBuildPhase;
			buildActionMask = 2147483647;
			files = (
				B763AAB9290CD40F0059ACEB /* GoogleService-Info.plist in Resources */,
			);
			runOnlyForDeploymentPostprocessing = 0;
		};
/* End PBXResourcesBuildPhase section */

/* Begin PBXShellScriptBuildPhase section */
		38327F3C23E9846ED9A895D5 /* [CP] Check Pods Manifest.lock */ = {
			isa = PBXShellScriptBuildPhase;
			buildActionMask = 2147483647;
			files = (
			);
			inputFileListPaths = (
			);
			inputPaths = (
				"${PODS_PODFILE_DIR_PATH}/Podfile.lock",
				"${PODS_ROOT}/Manifest.lock",
			);
			name = "[CP] Check Pods Manifest.lock";
			outputFileListPaths = (
			);
			outputPaths = (
				"$(DERIVED_FILE_DIR)/Pods-CamCountTests-checkManifestLockResult.txt",
			);
			runOnlyForDeploymentPostprocessing = 0;
			shellPath = /bin/sh;
			shellScript = "diff \"${PODS_PODFILE_DIR_PATH}/Podfile.lock\" \"${PODS_ROOT}/Manifest.lock\" > /dev/null\nif [ $? != 0 ] ; then\n    # print error to STDERR\n    echo \"error: The sandbox is not in sync with the Podfile.lock. Run 'pod install' or update your CocoaPods installation.\" >&2\n    exit 1\nfi\n# This output is used by Xcode 'outputs' to avoid re-running this script phase.\necho \"SUCCESS\" > \"${SCRIPT_OUTPUT_FILE_0}\"\n";
			showEnvVarsInLog = 0;
		};
		42563463E124368CB86B1930 /* [CP] Embed Pods Frameworks */ = {
			isa = PBXShellScriptBuildPhase;
			buildActionMask = 2147483647;
			files = (
			);
			inputFileListPaths = (
				"${PODS_ROOT}/Target Support Files/Pods-CamCount/Pods-CamCount-frameworks-${CONFIGURATION}-input-files.xcfilelist",
			);
			name = "[CP] Embed Pods Frameworks";
			outputFileListPaths = (
				"${PODS_ROOT}/Target Support Files/Pods-CamCount/Pods-CamCount-frameworks-${CONFIGURATION}-output-files.xcfilelist",
			);
			runOnlyForDeploymentPostprocessing = 0;
			shellPath = /bin/sh;
			shellScript = "\"${PODS_ROOT}/Target Support Files/Pods-CamCount/Pods-CamCount-frameworks.sh\"\n";
			showEnvVarsInLog = 0;
		};
		4730922DCA307105885C8D78 /* [CP] Check Pods Manifest.lock */ = {
			isa = PBXShellScriptBuildPhase;
			buildActionMask = 2147483647;
			files = (
			);
			inputFileListPaths = (
			);
			inputPaths = (
				"${PODS_PODFILE_DIR_PATH}/Podfile.lock",
				"${PODS_ROOT}/Manifest.lock",
			);
			name = "[CP] Check Pods Manifest.lock";
			outputFileListPaths = (
			);
			outputPaths = (
				"$(DERIVED_FILE_DIR)/Pods-CamCount-CamCountUITests-checkManifestLockResult.txt",
			);
			runOnlyForDeploymentPostprocessing = 0;
			shellPath = /bin/sh;
			shellScript = "diff \"${PODS_PODFILE_DIR_PATH}/Podfile.lock\" \"${PODS_ROOT}/Manifest.lock\" > /dev/null\nif [ $? != 0 ] ; then\n    # print error to STDERR\n    echo \"error: The sandbox is not in sync with the Podfile.lock. Run 'pod install' or update your CocoaPods installation.\" >&2\n    exit 1\nfi\n# This output is used by Xcode 'outputs' to avoid re-running this script phase.\necho \"SUCCESS\" > \"${SCRIPT_OUTPUT_FILE_0}\"\n";
			showEnvVarsInLog = 0;
		};
		6D00ECD55E37B63AACBF0CCC /* [CP] Embed Pods Frameworks */ = {
			isa = PBXShellScriptBuildPhase;
			buildActionMask = 2147483647;
			files = (
			);
			inputFileListPaths = (
				"${PODS_ROOT}/Target Support Files/Pods-CamCount-CamCountUITests/Pods-CamCount-CamCountUITests-frameworks-${CONFIGURATION}-input-files.xcfilelist",
			);
			name = "[CP] Embed Pods Frameworks";
			outputFileListPaths = (
				"${PODS_ROOT}/Target Support Files/Pods-CamCount-CamCountUITests/Pods-CamCount-CamCountUITests-frameworks-${CONFIGURATION}-output-files.xcfilelist",
			);
			runOnlyForDeploymentPostprocessing = 0;
			shellPath = /bin/sh;
			shellScript = "\"${PODS_ROOT}/Target Support Files/Pods-CamCount-CamCountUITests/Pods-CamCount-CamCountUITests-frameworks.sh\"\n";
			showEnvVarsInLog = 0;
		};
		DE6F5D05565EEE80DDD6C7BD /* [CP] Check Pods Manifest.lock */ = {
			isa = PBXShellScriptBuildPhase;
			buildActionMask = 2147483647;
			files = (
			);
			inputFileListPaths = (
			);
			inputPaths = (
				"${PODS_PODFILE_DIR_PATH}/Podfile.lock",
				"${PODS_ROOT}/Manifest.lock",
			);
			name = "[CP] Check Pods Manifest.lock";
			outputFileListPaths = (
			);
			outputPaths = (
				"$(DERIVED_FILE_DIR)/Pods-CamCount-checkManifestLockResult.txt",
			);
			runOnlyForDeploymentPostprocessing = 0;
			shellPath = /bin/sh;
			shellScript = "diff \"${PODS_PODFILE_DIR_PATH}/Podfile.lock\" \"${PODS_ROOT}/Manifest.lock\" > /dev/null\nif [ $? != 0 ] ; then\n    # print error to STDERR\n    echo \"error: The sandbox is not in sync with the Podfile.lock. Run 'pod install' or update your CocoaPods installation.\" >&2\n    exit 1\nfi\n# This output is used by Xcode 'outputs' to avoid re-running this script phase.\necho \"SUCCESS\" > \"${SCRIPT_OUTPUT_FILE_0}\"\n";
			showEnvVarsInLog = 0;
		};
/* End PBXShellScriptBuildPhase section */

/* Begin PBXSourcesBuildPhase section */
		B75656A828F3228D00DDF45B /* Sources */ = {
			isa = PBXSourcesBuildPhase;
			buildActionMask = 2147483647;
			files = (
				B79E8305296F568400A70547 /* Styling.swift in Sources */,
				B75656B428F3228E00DDF45B /* LoginViewController.swift in Sources */,
				B72BF61B291E3C8000426AEB /* CameraDetailsViewController.swift in Sources */,
				B763AAB329072B230059ACEB /* CamerasViewController.swift in Sources */,
				B763AAC0290F66EA0059ACEB /* CamerasCell.swift in Sources */,
				B75656B028F3228E00DDF45B /* AppDelegate.swift in Sources */,
				B79E830929709E9200A70547 /* FormValidation.swift in Sources */,
				B7FA4304297AF71600268BED /* MainTabBarViewController.swift in Sources */,
				B763AABC290DAE020059ACEB /* SettingsViewController.swift in Sources */,
				B79E83072970873D00A70547 /* HomeViewController.swift in Sources */,
				B7D777AB2966013800FED89E /* SignUpViewController.swift in Sources */,
				B732F4F829259DED007347F3 /* CameraModel.swift in Sources */,
				B75656B228F3228E00DDF45B /* SceneDelegate.swift in Sources */,
			);
			runOnlyForDeploymentPostprocessing = 0;
		};
		B75656BE28F3229300DDF45B /* Sources */ = {
			isa = PBXSourcesBuildPhase;
			buildActionMask = 2147483647;
			files = (
				B75656C728F3229300DDF45B /* CamCountTests.swift in Sources */,
				B763AAC1290F66EA0059ACEB /* CamerasCell.swift in Sources */,
			);
			runOnlyForDeploymentPostprocessing = 0;
		};
		B75656C828F3229300DDF45B /* Sources */ = {
			isa = PBXSourcesBuildPhase;
			buildActionMask = 2147483647;
			files = (
				B763AAC2290F66EA0059ACEB /* CamerasCell.swift in Sources */,
				B75656D328F3229300DDF45B /* CamCountUITestsLaunchTests.swift in Sources */,
				B75656D128F3229300DDF45B /* CamCountUITests.swift in Sources */,
			);
			runOnlyForDeploymentPostprocessing = 0;
		};
/* End PBXSourcesBuildPhase section */

/* Begin PBXTargetDependency section */
		B75656C428F3229300DDF45B /* PBXTargetDependency */ = {
			isa = PBXTargetDependency;
			target = B75656AB28F3228D00DDF45B /* CamCount */;
			targetProxy = B75656C328F3229300DDF45B /* PBXContainerItemProxy */;
		};
		B75656CE28F3229300DDF45B /* PBXTargetDependency */ = {
			isa = PBXTargetDependency;
			target = B75656AB28F3228D00DDF45B /* CamCount */;
			targetProxy = B75656CD28F3229300DDF45B /* PBXContainerItemProxy */;
		};
/* End PBXTargetDependency section */

/* Begin PBXVariantGroup section */
		B75656B528F3228E00DDF45B /* Main.storyboard */ = {
			isa = PBXVariantGroup;
			children = (
				B75656B628F3228E00DDF45B /* Base */,
			);
			name = Main.storyboard;
			sourceTree = "<group>";
		};
		B75656BA28F3229200DDF45B /* LaunchScreen.storyboard */ = {
			isa = PBXVariantGroup;
			children = (
				B75656BB28F3229200DDF45B /* Base */,
			);
			name = LaunchScreen.storyboard;
			sourceTree = "<group>";
		};
/* End PBXVariantGroup section */

/* Begin XCBuildConfiguration section */
		B75656D428F3229300DDF45B /* Debug */ = {
			isa = XCBuildConfiguration;
			buildSettings = {
				ALWAYS_SEARCH_USER_PATHS = NO;
				CLANG_ANALYZER_NONNULL = YES;
				CLANG_ANALYZER_NUMBER_OBJECT_CONVERSION = YES_AGGRESSIVE;
				CLANG_CXX_LANGUAGE_STANDARD = "gnu++20";
				CLANG_ENABLE_MODULES = YES;
				CLANG_ENABLE_OBJC_ARC = YES;
				CLANG_ENABLE_OBJC_WEAK = YES;
				CLANG_WARN_BLOCK_CAPTURE_AUTORELEASING = YES;
				CLANG_WARN_BOOL_CONVERSION = YES;
				CLANG_WARN_COMMA = YES;
				CLANG_WARN_CONSTANT_CONVERSION = YES;
				CLANG_WARN_DEPRECATED_OBJC_IMPLEMENTATIONS = YES;
				CLANG_WARN_DIRECT_OBJC_ISA_USAGE = YES_ERROR;
				CLANG_WARN_DOCUMENTATION_COMMENTS = YES;
				CLANG_WARN_EMPTY_BODY = YES;
				CLANG_WARN_ENUM_CONVERSION = YES;
				CLANG_WARN_INFINITE_RECURSION = YES;
				CLANG_WARN_INT_CONVERSION = YES;
				CLANG_WARN_NON_LITERAL_NULL_CONVERSION = YES;
				CLANG_WARN_OBJC_IMPLICIT_RETAIN_SELF = YES;
				CLANG_WARN_OBJC_LITERAL_CONVERSION = YES;
				CLANG_WARN_OBJC_ROOT_CLASS = YES_ERROR;
				CLANG_WARN_QUOTED_INCLUDE_IN_FRAMEWORK_HEADER = YES;
				CLANG_WARN_RANGE_LOOP_ANALYSIS = YES;
				CLANG_WARN_STRICT_PROTOTYPES = YES;
				CLANG_WARN_SUSPICIOUS_MOVE = YES;
				CLANG_WARN_UNGUARDED_AVAILABILITY = YES_AGGRESSIVE;
				CLANG_WARN_UNREACHABLE_CODE = YES;
				CLANG_WARN__DUPLICATE_METHOD_MATCH = YES;
				COPY_PHASE_STRIP = NO;
				DEBUG_INFORMATION_FORMAT = dwarf;
				ENABLE_STRICT_OBJC_MSGSEND = YES;
				ENABLE_TESTABILITY = YES;
				GCC_C_LANGUAGE_STANDARD = gnu11;
				GCC_DYNAMIC_NO_PIC = NO;
				GCC_NO_COMMON_BLOCKS = YES;
				GCC_OPTIMIZATION_LEVEL = 0;
				GCC_PREPROCESSOR_DEFINITIONS = (
					"DEBUG=1",
					"$(inherited)",
				);
				GCC_WARN_64_TO_32_BIT_CONVERSION = YES;
				GCC_WARN_ABOUT_RETURN_TYPE = YES_ERROR;
				GCC_WARN_UNDECLARED_SELECTOR = YES;
				GCC_WARN_UNINITIALIZED_AUTOS = YES_AGGRESSIVE;
				GCC_WARN_UNUSED_FUNCTION = YES;
				GCC_WARN_UNUSED_VARIABLE = YES;
				IPHONEOS_DEPLOYMENT_TARGET = 16.0;
				MTL_ENABLE_DEBUG_INFO = INCLUDE_SOURCE;
				MTL_FAST_MATH = YES;
				ONLY_ACTIVE_ARCH = YES;
				SDKROOT = iphoneos;
				SWIFT_ACTIVE_COMPILATION_CONDITIONS = DEBUG;
				SWIFT_OPTIMIZATION_LEVEL = "-Onone";
			};
			name = Debug;
		};
		B75656D528F3229300DDF45B /* Release */ = {
			isa = XCBuildConfiguration;
			buildSettings = {
				ALWAYS_SEARCH_USER_PATHS = NO;
				CLANG_ANALYZER_NONNULL = YES;
				CLANG_ANALYZER_NUMBER_OBJECT_CONVERSION = YES_AGGRESSIVE;
				CLANG_CXX_LANGUAGE_STANDARD = "gnu++20";
				CLANG_ENABLE_MODULES = YES;
				CLANG_ENABLE_OBJC_ARC = YES;
				CLANG_ENABLE_OBJC_WEAK = YES;
				CLANG_WARN_BLOCK_CAPTURE_AUTORELEASING = YES;
				CLANG_WARN_BOOL_CONVERSION = YES;
				CLANG_WARN_COMMA = YES;
				CLANG_WARN_CONSTANT_CONVERSION = YES;
				CLANG_WARN_DEPRECATED_OBJC_IMPLEMENTATIONS = YES;
				CLANG_WARN_DIRECT_OBJC_ISA_USAGE = YES_ERROR;
				CLANG_WARN_DOCUMENTATION_COMMENTS = YES;
				CLANG_WARN_EMPTY_BODY = YES;
				CLANG_WARN_ENUM_CONVERSION = YES;
				CLANG_WARN_INFINITE_RECURSION = YES;
				CLANG_WARN_INT_CONVERSION = YES;
				CLANG_WARN_NON_LITERAL_NULL_CONVERSION = YES;
				CLANG_WARN_OBJC_IMPLICIT_RETAIN_SELF = YES;
				CLANG_WARN_OBJC_LITERAL_CONVERSION = YES;
				CLANG_WARN_OBJC_ROOT_CLASS = YES_ERROR;
				CLANG_WARN_QUOTED_INCLUDE_IN_FRAMEWORK_HEADER = YES;
				CLANG_WARN_RANGE_LOOP_ANALYSIS = YES;
				CLANG_WARN_STRICT_PROTOTYPES = YES;
				CLANG_WARN_SUSPICIOUS_MOVE = YES;
				CLANG_WARN_UNGUARDED_AVAILABILITY = YES_AGGRESSIVE;
				CLANG_WARN_UNREACHABLE_CODE = YES;
				CLANG_WARN__DUPLICATE_METHOD_MATCH = YES;
				COPY_PHASE_STRIP = NO;
				DEBUG_INFORMATION_FORMAT = "dwarf-with-dsym";
				ENABLE_NS_ASSERTIONS = NO;
				ENABLE_STRICT_OBJC_MSGSEND = YES;
				GCC_C_LANGUAGE_STANDARD = gnu11;
				GCC_NO_COMMON_BLOCKS = YES;
				GCC_WARN_64_TO_32_BIT_CONVERSION = YES;
				GCC_WARN_ABOUT_RETURN_TYPE = YES_ERROR;
				GCC_WARN_UNDECLARED_SELECTOR = YES;
				GCC_WARN_UNINITIALIZED_AUTOS = YES_AGGRESSIVE;
				GCC_WARN_UNUSED_FUNCTION = YES;
				GCC_WARN_UNUSED_VARIABLE = YES;
				IPHONEOS_DEPLOYMENT_TARGET = 16.0;
				MTL_ENABLE_DEBUG_INFO = NO;
				MTL_FAST_MATH = YES;
				SDKROOT = iphoneos;
				SWIFT_COMPILATION_MODE = wholemodule;
				SWIFT_OPTIMIZATION_LEVEL = "-O";
				VALIDATE_PRODUCT = YES;
			};
			name = Release;
		};
		B75656D728F3229300DDF45B /* Debug */ = {
			isa = XCBuildConfiguration;
			baseConfigurationReference = 2461F32BDBBC863199E55D90 /* Pods-CamCount.debug.xcconfig */;
			buildSettings = {
				ASSETCATALOG_COMPILER_APPICON_NAME = AppIcon;
				ASSETCATALOG_COMPILER_GLOBAL_ACCENT_COLOR_NAME = AccentColor;
				CODE_SIGN_STYLE = Automatic;
				CURRENT_PROJECT_VERSION = 1;
				DEVELOPMENT_TEAM = 9QJHV93DMC;
				GENERATE_INFOPLIST_FILE = YES;
				INFOPLIST_FILE = CamCount/Info.plist;
				INFOPLIST_KEY_UIApplicationSupportsIndirectInputEvents = YES;
				INFOPLIST_KEY_UILaunchStoryboardName = LaunchScreen;
				INFOPLIST_KEY_UIMainStoryboardFile = Main;
				INFOPLIST_KEY_UISupportedInterfaceOrientations = UIInterfaceOrientationPortrait;
				INFOPLIST_KEY_UISupportedInterfaceOrientations_iPad = "UIInterfaceOrientationLandscapeLeft UIInterfaceOrientationLandscapeRight UIInterfaceOrientationPortrait UIInterfaceOrientationPortraitUpsideDown";
				IPHONEOS_DEPLOYMENT_TARGET = 15.0;
				LD_RUNPATH_SEARCH_PATHS = (
					"$(inherited)",
					"@executable_path/Frameworks",
				);
				MARKETING_VERSION = 1.0;
				PRODUCT_BUNDLE_IDENTIFIER = com.linadeveloper004.CamCount;
				PRODUCT_NAME = "$(TARGET_NAME)";
				SUPPORTED_PLATFORMS = "iphoneos iphonesimulator";
				SUPPORTS_MACCATALYST = NO;
				SUPPORTS_MAC_DESIGNED_FOR_IPHONE_IPAD = NO;
				SWIFT_EMIT_LOC_STRINGS = YES;
				SWIFT_VERSION = 5.0;
				TARGETED_DEVICE_FAMILY = 1;
			};
			name = Debug;
		};
		B75656D828F3229300DDF45B /* Release */ = {
			isa = XCBuildConfiguration;
			baseConfigurationReference = 62DB4978672F50B577B918B8 /* Pods-CamCount.release.xcconfig */;
			buildSettings = {
				ASSETCATALOG_COMPILER_APPICON_NAME = AppIcon;
				ASSETCATALOG_COMPILER_GLOBAL_ACCENT_COLOR_NAME = AccentColor;
				CODE_SIGN_STYLE = Automatic;
				CURRENT_PROJECT_VERSION = 1;
				DEVELOPMENT_TEAM = 9QJHV93DMC;
				GENERATE_INFOPLIST_FILE = YES;
				INFOPLIST_FILE = CamCount/Info.plist;
				INFOPLIST_KEY_UIApplicationSupportsIndirectInputEvents = YES;
				INFOPLIST_KEY_UILaunchStoryboardName = LaunchScreen;
				INFOPLIST_KEY_UIMainStoryboardFile = Main;
				INFOPLIST_KEY_UISupportedInterfaceOrientations = UIInterfaceOrientationPortrait;
				INFOPLIST_KEY_UISupportedInterfaceOrientations_iPad = "UIInterfaceOrientationLandscapeLeft UIInterfaceOrientationLandscapeRight UIInterfaceOrientationPortrait UIInterfaceOrientationPortraitUpsideDown";
				IPHONEOS_DEPLOYMENT_TARGET = 15.0;
				LD_RUNPATH_SEARCH_PATHS = (
					"$(inherited)",
					"@executable_path/Frameworks",
				);
				MARKETING_VERSION = 1.0;
				PRODUCT_BUNDLE_IDENTIFIER = com.linadeveloper004.CamCount;
				PRODUCT_NAME = "$(TARGET_NAME)";
				SUPPORTED_PLATFORMS = "iphoneos iphonesimulator";
				SUPPORTS_MACCATALYST = NO;
				SUPPORTS_MAC_DESIGNED_FOR_IPHONE_IPAD = NO;
				SWIFT_EMIT_LOC_STRINGS = YES;
				SWIFT_VERSION = 5.0;
				TARGETED_DEVICE_FAMILY = 1;
			};
			name = Release;
		};
		B75656DA28F3229300DDF45B /* Debug */ = {
			isa = XCBuildConfiguration;
			baseConfigurationReference = 132F463CE02F8B41DEE5F5F0 /* Pods-CamCountTests.debug.xcconfig */;
			buildSettings = {
				ALWAYS_EMBED_SWIFT_STANDARD_LIBRARIES = YES;
				BUNDLE_LOADER = "$(TEST_HOST)";
				CODE_SIGN_STYLE = Automatic;
				CURRENT_PROJECT_VERSION = 1;
				DEVELOPMENT_TEAM = 9QJHV93DMC;
				GENERATE_INFOPLIST_FILE = YES;
				IPHONEOS_DEPLOYMENT_TARGET = 16.0;
				MARKETING_VERSION = 1.0;
				PRODUCT_BUNDLE_IDENTIFIER = com.linadeveloper004.CamCountTests;
				PRODUCT_NAME = "$(TARGET_NAME)";
				SWIFT_EMIT_LOC_STRINGS = NO;
				SWIFT_VERSION = 5.0;
				TARGETED_DEVICE_FAMILY = "1,2";
				TEST_HOST = "$(BUILT_PRODUCTS_DIR)/CamCount.app/$(BUNDLE_EXECUTABLE_FOLDER_PATH)/CamCount";
			};
			name = Debug;
		};
		B75656DB28F3229300DDF45B /* Release */ = {
			isa = XCBuildConfiguration;
			baseConfigurationReference = 7E0FC24BE990BADED60EBEBA /* Pods-CamCountTests.release.xcconfig */;
			buildSettings = {
				ALWAYS_EMBED_SWIFT_STANDARD_LIBRARIES = YES;
				BUNDLE_LOADER = "$(TEST_HOST)";
				CODE_SIGN_STYLE = Automatic;
				CURRENT_PROJECT_VERSION = 1;
				DEVELOPMENT_TEAM = 9QJHV93DMC;
				GENERATE_INFOPLIST_FILE = YES;
				IPHONEOS_DEPLOYMENT_TARGET = 16.0;
				MARKETING_VERSION = 1.0;
				PRODUCT_BUNDLE_IDENTIFIER = com.linadeveloper004.CamCountTests;
				PRODUCT_NAME = "$(TARGET_NAME)";
				SWIFT_EMIT_LOC_STRINGS = NO;
				SWIFT_VERSION = 5.0;
				TARGETED_DEVICE_FAMILY = "1,2";
				TEST_HOST = "$(BUILT_PRODUCTS_DIR)/CamCount.app/$(BUNDLE_EXECUTABLE_FOLDER_PATH)/CamCount";
			};
			name = Release;
		};
		B75656DD28F3229300DDF45B /* Debug */ = {
			isa = XCBuildConfiguration;
			baseConfigurationReference = C3D90204D37ADEC3282FAC61 /* Pods-CamCount-CamCountUITests.debug.xcconfig */;
			buildSettings = {
				ALWAYS_EMBED_SWIFT_STANDARD_LIBRARIES = YES;
				CODE_SIGN_STYLE = Automatic;
				CURRENT_PROJECT_VERSION = 1;
				DEVELOPMENT_TEAM = 9QJHV93DMC;
				GENERATE_INFOPLIST_FILE = YES;
				MARKETING_VERSION = 1.0;
				PRODUCT_BUNDLE_IDENTIFIER = com.linadeveloper004.CamCountUITests;
				PRODUCT_NAME = "$(TARGET_NAME)";
				SWIFT_EMIT_LOC_STRINGS = NO;
				SWIFT_VERSION = 5.0;
				TARGETED_DEVICE_FAMILY = "1,2";
				TEST_TARGET_NAME = CamCount;
			};
			name = Debug;
		};
		B75656DE28F3229300DDF45B /* Release */ = {
			isa = XCBuildConfiguration;
			baseConfigurationReference = 25E48803EF4AB63D94159BBC /* Pods-CamCount-CamCountUITests.release.xcconfig */;
			buildSettings = {
				ALWAYS_EMBED_SWIFT_STANDARD_LIBRARIES = YES;
				CODE_SIGN_STYLE = Automatic;
				CURRENT_PROJECT_VERSION = 1;
				DEVELOPMENT_TEAM = 9QJHV93DMC;
				GENERATE_INFOPLIST_FILE = YES;
				MARKETING_VERSION = 1.0;
				PRODUCT_BUNDLE_IDENTIFIER = com.linadeveloper004.CamCountUITests;
				PRODUCT_NAME = "$(TARGET_NAME)";
				SWIFT_EMIT_LOC_STRINGS = NO;
				SWIFT_VERSION = 5.0;
				TARGETED_DEVICE_FAMILY = "1,2";
				TEST_TARGET_NAME = CamCount;
			};
			name = Release;
		};
/* End XCBuildConfiguration section */

/* Begin XCConfigurationList section */
		B75656A728F3228D00DDF45B /* Build configuration list for PBXProject "CamCount" */ = {
			isa = XCConfigurationList;
			buildConfigurations = (
				B75656D428F3229300DDF45B /* Debug */,
				B75656D528F3229300DDF45B /* Release */,
			);
			defaultConfigurationIsVisible = 0;
			defaultConfigurationName = Release;
		};
		B75656D628F3229300DDF45B /* Build configuration list for PBXNativeTarget "CamCount" */ = {
			isa = XCConfigurationList;
			buildConfigurations = (
				B75656D728F3229300DDF45B /* Debug */,
				B75656D828F3229300DDF45B /* Release */,
			);
			defaultConfigurationIsVisible = 0;
			defaultConfigurationName = Release;
		};
		B75656D928F3229300DDF45B /* Build configuration list for PBXNativeTarget "CamCountTests" */ = {
			isa = XCConfigurationList;
			buildConfigurations = (
				B75656DA28F3229300DDF45B /* Debug */,
				B75656DB28F3229300DDF45B /* Release */,
			);
			defaultConfigurationIsVisible = 0;
			defaultConfigurationName = Release;
		};
		B75656DC28F3229300DDF45B /* Build configuration list for PBXNativeTarget "CamCountUITests" */ = {
			isa = XCConfigurationList;
			buildConfigurations = (
				B75656DD28F3229300DDF45B /* Debug */,
				B75656DE28F3229300DDF45B /* Release */,
			);
			defaultConfigurationIsVisible = 0;
			defaultConfigurationName = Release;
		};
/* End XCConfigurationList section */

/* Begin XCRemoteSwiftPackageReference section */
		B763AABA290CDE9A0059ACEB /* XCRemoteSwiftPackageReference "firebase-ios-sdk" */ = {
			isa = XCRemoteSwiftPackageReference;
			repositoryURL = "https://github.com/firebase/firebase-ios-sdk";
			requirement = {
				kind = upToNextMajorVersion;
				minimumVersion = 9.0.0;
			};
		};
/* End XCRemoteSwiftPackageReference section */
	};
	rootObject = B75656A428F3228D00DDF45B /* Project object */;
}
